
Microsoft Visual Studio Solution File, Format Version 12.00
# Visual Studio 15
VisualStudioVersion = 15.0.27703.2035
MinimumVisualStudioVersion = 10.0.40219.1
Project("{FAE04EC0-301F-11D3-BF4B-00C04F79EFBC}") = "ExplorerBrowser", "WinForms\ExplorerBrowser.csproj", "{2AACFF7E-F4B1-44F6-92C6-20ACBB647A4D}"
EndProject
Project("{FAE04EC0-301F-11D3-BF4B-00C04F79EFBC}") = "Shell", "..\..\Shell\Shell.csproj", "{AA0C00CB-8699-4F37-BFAE-40CA87ACC06D}"
EndProject
Project("{FAE04EC0-301F-11D3-BF4B-00C04F79EFBC}") = "Core", "..\..\Core\Core.csproj", "{2E1FB0DF-F9BB-4909-9F32-2D9D022A8E57}"
EndProject
Project("{FAE04EC0-301F-11D3-BF4B-00C04F79EFBC}") = "ShellExtensions", "..\..\ShellExtensions\ShellExtensions.csproj", "{F3C863EC-33F4-4ED2-9D67-00BF3EEEAB64}"
EndProject
Project("{FAE04EC0-301F-11D3-BF4B-00C04F79EFBC}") = "ExtendedLinguisticServices", "..\..\ExtendedLinguisticServices\ExtendedLinguisticServices.csproj", "{B2CE24B7-FC5D-49AC-806F-1D88F78A31E9}"
EndProject
Global
	GlobalSection(SolutionConfigurationPlatforms) = preSolution
		CodeAnalysisDebug|Any CPU = CodeAnalysisDebug|Any CPU
		CodeAnalysisDebug|x64 = CodeAnalysisDebug|x64
		Debug|Any CPU = Debug|Any CPU
		Debug|x64 = Debug|x64
		Release|Any CPU = Release|Any CPU
		Release|x64 = Release|x64
	EndGlobalSection
	GlobalSection(ProjectConfigurationPlatforms) = postSolution
		{2AACFF7E-F4B1-44F6-92C6-20ACBB647A4D}.CodeAnalysisDebug|Any CPU.ActiveCfg = Debug|Any CPU
		{2AACFF7E-F4B1-44F6-92C6-20ACBB647A4D}.CodeAnalysisDebug|Any CPU.Build.0 = Debug|Any CPU
		{2AACFF7E-F4B1-44F6-92C6-20ACBB647A4D}.CodeAnalysisDebug|x64.ActiveCfg = Debug|Any CPU
		{2AACFF7E-F4B1-44F6-92C6-20ACBB647A4D}.CodeAnalysisDebug|x64.Build.0 = Debug|Any CPU
		{2AACFF7E-F4B1-44F6-92C6-20ACBB647A4D}.Debug|Any CPU.ActiveCfg = Debug|Any CPU
		{2AACFF7E-F4B1-44F6-92C6-20ACBB647A4D}.Debug|Any CPU.Build.0 = Debug|Any CPU
		{2AACFF7E-F4B1-44F6-92C6-20ACBB647A4D}.Debug|x64.ActiveCfg = Debug|Any CPU
		{2AACFF7E-F4B1-44F6-92C6-20ACBB647A4D}.Debug|x64.Build.0 = Debug|Any CPU
		{2AACFF7E-F4B1-44F6-92C6-20ACBB647A4D}.Release|Any CPU.ActiveCfg = Release|Any CPU
		{2AACFF7E-F4B1-44F6-92C6-20ACBB647A4D}.Release|Any CPU.Build.0 = Release|Any CPU
		{2AACFF7E-F4B1-44F6-92C6-20ACBB647A4D}.Release|x64.ActiveCfg = Release|Any CPU
		{2AACFF7E-F4B1-44F6-92C6-20ACBB647A4D}.Release|x64.Build.0 = Release|Any CPU
		{AA0C00CB-8699-4F37-BFAE-40CA87ACC06D}.CodeAnalysisDebug|Any CPU.ActiveCfg = CodeAnalysisDebug|Any CPU
		{AA0C00CB-8699-4F37-BFAE-40CA87ACC06D}.CodeAnalysisDebug|Any CPU.Build.0 = CodeAnalysisDebug|Any CPU
		{AA0C00CB-8699-4F37-BFAE-40CA87ACC06D}.CodeAnalysisDebug|x64.ActiveCfg = CodeAnalysisDebug|x64
		{AA0C00CB-8699-4F37-BFAE-40CA87ACC06D}.CodeAnalysisDebug|x64.Build.0 = CodeAnalysisDebug|x64
		{AA0C00CB-8699-4F37-BFAE-40CA87ACC06D}.Debug|Any CPU.ActiveCfg = Debug|Any CPU
		{AA0C00CB-8699-4F37-BFAE-40CA87ACC06D}.Debug|Any CPU.Build.0 = Debug|Any CPU
		{AA0C00CB-8699-4F37-BFAE-40CA87ACC06D}.Debug|x64.ActiveCfg = Debug|x64
		{AA0C00CB-8699-4F37-BFAE-40CA87ACC06D}.Debug|x64.Build.0 = Debug|x64
		{AA0C00CB-8699-4F37-BFAE-40CA87ACC06D}.Release|Any CPU.ActiveCfg = Release|Any CPU
		{AA0C00CB-8699-4F37-BFAE-40CA87ACC06D}.Release|Any CPU.Build.0 = Release|Any CPU
		{AA0C00CB-8699-4F37-BFAE-40CA87ACC06D}.Release|x64.ActiveCfg = Release|x64
		{AA0C00CB-8699-4F37-BFAE-40CA87ACC06D}.Release|x64.Build.0 = Release|x64
		{2E1FB0DF-F9BB-4909-9F32-2D9D022A8E57}.CodeAnalysisDebug|Any CPU.ActiveCfg = Debug|Any CPU
		{2E1FB0DF-F9BB-4909-9F32-2D9D022A8E57}.CodeAnalysisDebug|Any CPU.Build.0 = Debug|Any CPU
		{2E1FB0DF-F9BB-4909-9F32-2D9D022A8E57}.CodeAnalysisDebug|x64.ActiveCfg = Debug|x64
		{2E1FB0DF-F9BB-4909-9F32-2D9D022A8E57}.CodeAnalysisDebug|x64.Build.0 = Debug|x64
		{2E1FB0DF-F9BB-4909-9F32-2D9D022A8E57}.Debug|Any CPU.ActiveCfg = Debug|Any CPU
		{2E1FB0DF-F9BB-4909-9F32-2D9D022A8E57}.Debug|Any CPU.Build.0 = Debug|Any CPU
		{2E1FB0DF-F9BB-4909-9F32-2D9D022A8E57}.Debug|x64.ActiveCfg = Debug|x64
		{2E1FB0DF-F9BB-4909-9F32-2D9D022A8E57}.Debug|x64.Build.0 = Debug|x64
		{2E1FB0DF-F9BB-4909-9F32-2D9D022A8E57}.Release|Any CPU.ActiveCfg = Release|Any CPU
		{2E1FB0DF-F9BB-4909-9F32-2D9D022A8E57}.Release|Any CPU.Build.0 = Release|Any CPU
		{2E1FB0DF-F9BB-4909-9F32-2D9D022A8E57}.Release|x64.ActiveCfg = Release|x64
		{2E1FB0DF-F9BB-4909-9F32-2D9D022A8E57}.Release|x64.Build.0 = Release|x64
		{F3C863EC-33F4-4ED2-9D67-00BF3EEEAB64}.CodeAnalysisDebug|Any CPU.ActiveCfg = Debug|Any CPU
		{F3C863EC-33F4-4ED2-9D67-00BF3EEEAB64}.CodeAnalysisDebug|Any CPU.Build.0 = Debug|Any CPU
		{F3C863EC-33F4-4ED2-9D67-00BF3EEEAB64}.CodeAnalysisDebug|x64.ActiveCfg = Debug|x64
		{F3C863EC-33F4-4ED2-9D67-00BF3EEEAB64}.CodeAnalysisDebug|x64.Build.0 = Debug|x64
		{F3C863EC-33F4-4ED2-9D67-00BF3EEEAB64}.Debug|Any CPU.ActiveCfg = Debug|Any CPU
		{F3C863EC-33F4-4ED2-9D67-00BF3EEEAB64}.Debug|Any CPU.Build.0 = Debug|Any CPU
		{F3C863EC-33F4-4ED2-9D67-00BF3EEEAB64}.Debug|x64.ActiveCfg = Debug|x64
		{F3C863EC-33F4-4ED2-9D67-00BF3EEEAB64}.Debug|x64.Build.0 = Debug|x64
		{F3C863EC-33F4-4ED2-9D67-00BF3EEEAB64}.Release|Any CPU.ActiveCfg = Release|Any CPU
		{F3C863EC-33F4-4ED2-9D67-00BF3EEEAB64}.Release|Any CPU.Build.0 = Release|Any CPU
		{F3C863EC-33F4-4ED2-9D67-00BF3EEEAB64}.Release|x64.ActiveCfg = Release|x64
		{F3C863EC-33F4-4ED2-9D67-00BF3EEEAB64}.Release|x64.Build.0 = Release|x64
		{B2CE24B7-FC5D-49AC-806F-1D88F78A31E9}.CodeAnalysisDebug|Any CPU.ActiveCfg = Debug|Any CPU
		{B2CE24B7-FC5D-49AC-806F-1D88F78A31E9}.CodeAnalysisDebug|Any CPU.Build.0 = Debug|Any CPU
		{B2CE24B7-FC5D-49AC-806F-1D88F78A31E9}.CodeAnalysisDebug|x64.ActiveCfg = Debug|Any CPU
		{B2CE24B7-FC5D-49AC-806F-1D88F78A31E9}.CodeAnalysisDebug|x64.Build.0 = Debug|Any CPU
		{B2CE24B7-FC5D-49AC-806F-1D88F78A31E9}.Debug|Any CPU.ActiveCfg = Debug|Any CPU
		{B2CE24B7-FC5D-49AC-806F-1D88F78A31E9}.Debug|Any CPU.Build.0 = Debug|Any CPU
		{B2CE24B7-FC5D-49AC-806F-1D88F78A31E9}.Debug|x64.ActiveCfg = Debug|Any CPU
		{B2CE24B7-FC5D-49AC-806F-1D88F78A31E9}.Debug|x64.Build.0 = Debug|Any CPU
		{B2CE24B7-FC5D-49AC-806F-1D88F78A31E9}.Release|Any CPU.ActiveCfg = Release|Any CPU
		{B2CE24B7-FC5D-49AC-806F-1D88F78A31E9}.Release|Any CPU.Build.0 = Release|Any CPU
		{B2CE24B7-FC5D-49AC-806F-1D88F78A31E9}.Release|x64.ActiveCfg = Release|Any CPU
		{B2CE24B7-FC5D-49AC-806F-1D88F78A31E9}.Release|x64.Build.0 = Release|Any CPU
	EndGlobalSection
	GlobalSection(SolutionProperties) = preSolution
		HideSolutionNode = FALSE
	EndGlobalSection
	GlobalSection(ExtensibilityGlobals) = postSolution
		SolutionGuid = {402400AA-38E6-4F70-BA78-8FF52C45B0B4}
	EndGlobalSection
EndGlobal
