
Microsoft Visual Studio Solution File, Format Version 12.00
# Visual Studio 15
VisualStudioVersion = 15.0.27703.2035
MinimumVisualStudioVersion = 10.0.40219.1
Project("{FAE04EC0-301F-11D3-BF4B-00C04F79EFBC}") = "NSLookup", "NSLookup.csproj", "{BAC17F5B-744F-4E8E-BE53-0AEBE88E8632}"
EndProject
Global
	GlobalSection(SolutionConfigurationPlatforms) = preSolution
		Debug|Any CPU = Debug|Any CPU
		Release|Any CPU = Release|Any CPU
	EndGlobalSection
	GlobalSection(ProjectConfigurationPlatforms) = postSolution
		{BAC17F5B-744F-4E8E-BE53-0AEBE88E8632}.Debug|Any CPU.ActiveCfg = Debug|Any CPU
		{BAC17F5B-744F-4E8E-BE53-0AEBE88E8632}.Debug|Any CPU.Build.0 = Debug|Any CPU
		{BAC17F5B-744F-4E8E-BE53-0AEBE88E8632}.Release|Any CPU.ActiveCfg = Release|Any CPU
		{BAC17F5B-744F-4E8E-BE53-0AEBE88E8632}.Release|Any CPU.Build.0 = Release|Any CPU
	EndGlobalSection
	GlobalSection(SolutionProperties) = preSolution
		HideSolutionNode = FALSE
	EndGlobalSection
	GlobalSection(ExtensibilityGlobals) = postSolution
		SolutionGuid = {1A80AD96-00F9-46AD-8931-A09BA6BAD198}
	EndGlobalSection
EndGlobal
