<?xml version="1.0" encoding="utf-8"?>
<Project ToolsVersion="4.0" xmlns="http://schemas.microsoft.com/developer/msbuild/2003">
  <ItemGroup>
    <Filter Include="Source Files">
      <UniqueIdentifier>{73ac8e56-2ceb-4d4b-ab81-ea1b77f3d0dc}</UniqueIdentifier>
      <Extensions>cpp;c;cxx;rc;def;r;odl;idl;hpj;bat</Extensions>
    </Filter>
    <Filter Include="Header Files">
      <UniqueIdentifier>{60a80e09-4a73-4678-aedc-8e7b75f2a589}</UniqueIdentifier>
      <Extensions>h;hpp;hxx;hm;inl</Extensions>
    </Filter>
    <Filter Include="Resource Files">
      <UniqueIdentifier>{b8a86b03-bef3-4b64-889d-f95a7885cfc0}</UniqueIdentifier>
      <Extensions>ico;cur;bmp;dlg;rc2;rct;bin;rgs;gif;jpg;jpeg;jpe</Extensions>
    </Filter>
  </ItemGroup>
  <ItemGroup>
    <ClCompile Include="GuidGen.cpp">
      <Filter>Source Files</Filter>
    </ClCompile>
    <ClCompile Include="stdatl.cpp">
      <Filter>Source Files</Filter>
    </ClCompile>
  </ItemGroup>
  <ItemGroup>
    <ClInclude Include="aboutdlg.h">
      <Filter>Header Files</Filter>
    </ClInclude>
    <ClInclude Include="maindlg.h">
      <Filter>Header Files</Filter>
    </ClInclude>
    <ClInclude Include="resource.h">
      <Filter>Header Files</Filter>
    </ClInclude>
    <ClInclude Include="stdatl.h">
      <Filter>Header Files</Filter>
    </ClInclude>
    <ClInclude Include="atlapp.h">
      <Filter>Header Files</Filter>
    </ClInclude>
    <ClInclude Include="atlcrack.h">
      <Filter>Header Files</Filter>
    </ClInclude>
    <ClInclude Include="atlctrls.h">
      <Filter>Header Files</Filter>
    </ClInclude>
    <ClInclude Include="atlctrlw.h">
      <Filter>Header Files</Filter>
    </ClInclude>
    <ClInclude Include="atlctrlx.h">
      <Filter>Header Files</Filter>
    </ClInclude>
    <ClInclude Include="atlddx.h">
      <Filter>Header Files</Filter>
    </ClInclude>
    <ClInclude Include="atldlgs.h">
      <Filter>Header Files</Filter>
    </ClInclude>
    <ClInclude Include="atlfind.h">
      <Filter>Header Files</Filter>
    </ClInclude>
    <ClInclude Include="atlframe.h">
      <Filter>Header Files</Filter>
    </ClInclude>
    <ClInclude Include="atlgdi.h">
      <Filter>Header Files</Filter>
    </ClInclude>
    <ClInclude Include="atlmisc.h">
      <Filter>Header Files</Filter>
    </ClInclude>
    <ClInclude Include="atlprint.h">
      <Filter>Header Files</Filter>
    </ClInclude>
    <ClInclude Include="atlres.h">
      <Filter>Header Files</Filter>
    </ClInclude>
    <ClInclude Include="atlresce.h">
      <Filter>Header Files</Filter>
    </ClInclude>
    <ClInclude Include="atlscrl.h">
      <Filter>Header Files</Filter>
    </ClInclude>
    <ClInclude Include="atlsplit.h">
      <Filter>Header Files</Filter>
    </ClInclude>
    <ClInclude Include="atltheme.h">
      <Filter>Header Files</Filter>
    </ClInclude>
    <ClInclude Include="atluser.h">
      <Filter>Header Files</Filter>
    </ClInclude>
    <ClInclude Include="atlwince.h">
      <Filter>Header Files</Filter>
    </ClInclude>
    <ClInclude Include="atlwinx.h">
      <Filter>Header Files</Filter>
    </ClInclude>
  </ItemGroup>
  <ItemGroup>
    <Manifest Include="res\GuidGen.exe.manifest">
      <Filter>Resource Files</Filter>
    </Manifest>
  </ItemGroup>
  <ItemGroup>
    <Image Include="res\GuidGen.ico">
      <Filter>Resource Files</Filter>
    </Image>
  </ItemGroup>
  <ItemGroup>
    <ResourceCompile Include="GuidGen.rc">
      <Filter>Resource Files</Filter>
    </ResourceCompile>
  </ItemGroup>
</Project>